
Microsoft Visual Studio Solution File, Format Version 12.00
# Visual Studio Version 16
VisualStudioVersion = 16.0.31410.357
MinimumVisualStudioVersion = 10.0.40219.1
Project("{FAE04EC0-301F-11D3-BF4B-00C04F79EFBC}") = "BTL_ASP.NET_NHOM_5", "BTL_ASP.NET_NHOM_5\BTL_ASP.NET_NHOM_5.csproj", "{E8716462-BB18-4737-AA77-EB1B2C53728F}"
EndProject
Global
	GlobalSection(SolutionConfigurationPlatforms) = preSolution
		Debug|Any CPU = Debug|Any CPU
		Release|Any CPU = Release|Any CPU
	EndGlobalSection
	GlobalSection(ProjectConfigurationPlatforms) = postSolution
		{E8716462-BB18-4737-AA77-EB1B2C53728F}.Debug|Any CPU.ActiveCfg = Debug|Any CPU
		{E8716462-BB18-4737-AA77-EB1B2C53728F}.Debug|Any CPU.Build.0 = Debug|Any CPU
		{E8716462-BB18-4737-AA77-EB1B2C53728F}.Release|Any CPU.ActiveCfg = Release|Any CPU
		{E8716462-BB18-4737-AA77-EB1B2C53728F}.Release|Any CPU.Build.0 = Release|Any CPU
	EndGlobalSection
	GlobalSection(SolutionProperties) = preSolution
		HideSolutionNode = FALSE
	EndGlobalSection
	GlobalSection(ExtensibilityGlobals) = postSolution
		SolutionGuid = {5692104D-C4F7-4107-B407-AE455DFFCEF0}
	EndGlobalSection
EndGlobal
